
Microsoft Visual Studio Solution File, Format Version 12.00
# Visual Studio 15
VisualStudioVersion = 15.0.27130.2036
MinimumVisualStudioVersion = 10.0.40219.1
Project("{FAE04EC0-301F-11D3-BF4B-00C04F79EFBC}") = "FizzBuzzExample", "FizzBuzz\FizzBuzzExample.csproj", "{0232329E-3BE0-4825-B0D6-6751A8F011F2}"
EndProject
Project("{FAE04EC0-301F-11D3-BF4B-00C04F79EFBC}") = "RunFizzBuzz", "RunFizzBuzz\RunFizzBuzz.csproj", "{4F0C56EA-737D-4FC3-B22E-7AE5A93A9076}"
EndProject
Global
	GlobalSection(SolutionConfigurationPlatforms) = preSolution
		Debug|Any CPU = Debug|Any CPU
		Release|Any CPU = Release|Any CPU
	EndGlobalSection
	GlobalSection(ProjectConfigurationPlatforms) = postSolution
		{0232329E-3BE0-4825-B0D6-6751A8F011F2}.Debug|Any CPU.ActiveCfg = Debug|Any CPU
		{0232329E-3BE0-4825-B0D6-6751A8F011F2}.Debug|Any CPU.Build.0 = Debug|Any CPU
		{0232329E-3BE0-4825-B0D6-6751A8F011F2}.Release|Any CPU.ActiveCfg = Release|Any CPU
		{0232329E-3BE0-4825-B0D6-6751A8F011F2}.Release|Any CPU.Build.0 = Release|Any CPU
		{4F0C56EA-737D-4FC3-B22E-7AE5A93A9076}.Debug|Any CPU.ActiveCfg = Debug|Any CPU
		{4F0C56EA-737D-4FC3-B22E-7AE5A93A9076}.Debug|Any CPU.Build.0 = Debug|Any CPU
		{4F0C56EA-737D-4FC3-B22E-7AE5A93A9076}.Release|Any CPU.ActiveCfg = Release|Any CPU
		{4F0C56EA-737D-4FC3-B22E-7AE5A93A9076}.Release|Any CPU.Build.0 = Release|Any CPU
	EndGlobalSection
	GlobalSection(SolutionProperties) = preSolution
		HideSolutionNode = FALSE
	EndGlobalSection
	GlobalSection(ExtensibilityGlobals) = postSolution
		SolutionGuid = {41081D81-C867-407A-9FA1-295406A6E99A}
	EndGlobalSection
EndGlobal
